
Microsoft Visual Studio Solution File, Format Version 12.00
# Visual Studio Version 16
VisualStudioVersion = 16.0.31624.102
MinimumVisualStudioVersion = 10.0.40219.1
Project("{FAE04EC0-301F-11D3-BF4B-00C04F79EFBC}") = "GeometricObjects", "GeometricObjects.csproj", "{7C691C14-8581-4CEA-B938-E2031034E23B}"
EndProject
Project("{FAE04EC0-301F-11D3-BF4B-00C04F79EFBC}") = "Figures", "..\Figures\Figures.csproj", "{EAC51BA2-32A8-49D5-A233-FB969A2DA37B}"
EndProject
Global
	GlobalSection(SolutionConfigurationPlatforms) = preSolution
		Debug|Any CPU = Debug|Any CPU
		Release|Any CPU = Release|Any CPU
	EndGlobalSection
	GlobalSection(ProjectConfigurationPlatforms) = postSolution
		{7C691C14-8581-4CEA-B938-E2031034E23B}.Debug|Any CPU.ActiveCfg = Debug|Any CPU
		{7C691C14-8581-4CEA-B938-E2031034E23B}.Debug|Any CPU.Build.0 = Debug|Any CPU
		{7C691C14-8581-4CEA-B938-E2031034E23B}.Release|Any CPU.ActiveCfg = Release|Any CPU
		{7C691C14-8581-4CEA-B938-E2031034E23B}.Release|Any CPU.Build.0 = Release|Any CPU
		{EAC51BA2-32A8-49D5-A233-FB969A2DA37B}.Debug|Any CPU.ActiveCfg = Debug|Any CPU
		{EAC51BA2-32A8-49D5-A233-FB969A2DA37B}.Debug|Any CPU.Build.0 = Debug|Any CPU
		{EAC51BA2-32A8-49D5-A233-FB969A2DA37B}.Release|Any CPU.ActiveCfg = Release|Any CPU
		{EAC51BA2-32A8-49D5-A233-FB969A2DA37B}.Release|Any CPU.Build.0 = Release|Any CPU
	EndGlobalSection
	GlobalSection(SolutionProperties) = preSolution
		HideSolutionNode = FALSE
	EndGlobalSection
	GlobalSection(ExtensibilityGlobals) = postSolution
		SolutionGuid = {A5DF21B2-FC11-4A5D-AA08-F9AD695C12E6}
	EndGlobalSection
EndGlobal
